// !$*UTF8*$!
{
	archiveVersion = 1;
	classes = {
	};
	objectVersion = 56;
	objects = {

/* Begin PBXBuildFile section */
		17C81FA62AF9AED200E4AFD0 /* User.swift in Sources */ = {isa = PBXBuildFile; fileRef = 17C81FA52AF9AED200E4AFD0 /* User.swift */; };
		17C81FAC2AF9B2C600E4AFD0 /* SignUpViewController.swift in Sources */ = {isa = PBXBuildFile; fileRef = 17C81FAB2AF9B2C600E4AFD0 /* SignUpViewController.swift */; };
		17C81FAE2AF9B33900E4AFD0 /* LoginViewController.swift in Sources */ = {isa = PBXBuildFile; fileRef = 17C81FAD2AF9B33900E4AFD0 /* LoginViewController.swift */; };
		BE82B1512AF701BD008BA2E4 /* AppDelegate.swift in Sources */ = {isa = PBXBuildFile; fileRef = BE82B1502AF701BD008BA2E4 /* AppDelegate.swift */; };
		BE82B1532AF701BD008BA2E4 /* SceneDelegate.swift in Sources */ = {isa = PBXBuildFile; fileRef = BE82B1522AF701BD008BA2E4 /* SceneDelegate.swift */; };
		BE82B1552AF701BD008BA2E4 /* ViewController.swift in Sources */ = {isa = PBXBuildFile; fileRef = BE82B1542AF701BD008BA2E4 /* ViewController.swift */; };
		BE82B1582AF701BD008BA2E4 /* Main.storyboard in Resources */ = {isa = PBXBuildFile; fileRef = BE82B1562AF701BD008BA2E4 /* Main.storyboard */; };
		BE82B15A2AF701BE008BA2E4 /* Assets.xcassets in Resources */ = {isa = PBXBuildFile; fileRef = BE82B1592AF701BE008BA2E4 /* Assets.xcassets */; };
		BE82B15D2AF701BE008BA2E4 /* LaunchScreen.storyboard in Resources */ = {isa = PBXBuildFile; fileRef = BE82B15B2AF701BE008BA2E4 /* LaunchScreen.storyboard */; };
		BE82B1662AF7043C008BA2E4 /* ParseSwift in Frameworks */ = {isa = PBXBuildFile; productRef = BE82B1652AF7043C008BA2E4 /* ParseSwift */; };
		BE82B1692AF70453008BA2E4 /* Nuke in Frameworks */ = {isa = PBXBuildFile; productRef = BE82B1682AF70453008BA2E4 /* Nuke */; };
		BE82B16B2AF70453008BA2E4 /* NukeExtensions in Frameworks */ = {isa = PBXBuildFile; productRef = BE82B16A2AF70453008BA2E4 /* NukeExtensions */; };
		BE82B16D2AF70453008BA2E4 /* NukeUI in Frameworks */ = {isa = PBXBuildFile; productRef = BE82B16C2AF70453008BA2E4 /* NukeUI */; };
		BE82B16F2AF70453008BA2E4 /* NukeVideo in Frameworks */ = {isa = PBXBuildFile; productRef = BE82B16E2AF70453008BA2E4 /* NukeVideo */; };
		BEDCD3192AFB136F00E18707 /* DayViewController.swift in Sources */ = {isa = PBXBuildFile; fileRef = BEDCD3182AFB136F00E18707 /* DayViewController.swift */; };
/* End PBXBuildFile section */

/* Begin PBXFileReference section */
		17C81FA52AF9AED200E4AFD0 /* User.swift */ = {isa = PBXFileReference; lastKnownFileType = sourcecode.swift; path = User.swift; sourceTree = "<group>"; };
		17C81FAB2AF9B2C600E4AFD0 /* SignUpViewController.swift */ = {isa = PBXFileReference; lastKnownFileType = sourcecode.swift; path = SignUpViewController.swift; sourceTree = "<group>"; };
		17C81FAD2AF9B33900E4AFD0 /* LoginViewController.swift */ = {isa = PBXFileReference; lastKnownFileType = sourcecode.swift; path = LoginViewController.swift; sourceTree = "<group>"; };
		BE82B14D2AF701BD008BA2E4 /* PLNR.app */ = {isa = PBXFileReference; explicitFileType = wrapper.application; includeInIndex = 0; path = PLNR.app; sourceTree = BUILT_PRODUCTS_DIR; };
		BE82B1502AF701BD008BA2E4 /* AppDelegate.swift */ = {isa = PBXFileReference; lastKnownFileType = sourcecode.swift; path = AppDelegate.swift; sourceTree = "<group>"; };
		BE82B1522AF701BD008BA2E4 /* SceneDelegate.swift */ = {isa = PBXFileReference; lastKnownFileType = sourcecode.swift; path = SceneDelegate.swift; sourceTree = "<group>"; };
		BE82B1542AF701BD008BA2E4 /* ViewController.swift */ = {isa = PBXFileReference; lastKnownFileType = sourcecode.swift; path = ViewController.swift; sourceTree = "<group>"; };
		BE82B1572AF701BD008BA2E4 /* Base */ = {isa = PBXFileReference; lastKnownFileType = file.storyboard; name = Base; path = Base.lproj/Main.storyboard; sourceTree = "<group>"; };
		BE82B1592AF701BE008BA2E4 /* Assets.xcassets */ = {isa = PBXFileReference; lastKnownFileType = folder.assetcatalog; path = Assets.xcassets; sourceTree = "<group>"; };
		BE82B15C2AF701BE008BA2E4 /* Base */ = {isa = PBXFileReference; lastKnownFileType = file.storyboard; name = Base; path = Base.lproj/LaunchScreen.storyboard; sourceTree = "<group>"; };
		BE82B15E2AF701BE008BA2E4 /* Info.plist */ = {isa = PBXFileReference; lastKnownFileType = text.plist.xml; path = Info.plist; sourceTree = "<group>"; };
		BEDCD3182AFB136F00E18707 /* DayViewController.swift */ = {isa = PBXFileReference; lastKnownFileType = sourcecode.swift; path = DayViewController.swift; sourceTree = "<group>"; };
/* End PBXFileReference section */

/* Begin PBXFrameworksBuildPhase section */
		BE82B14A2AF701BD008BA2E4 /* Frameworks */ = {
			isa = PBXFrameworksBuildPhase;
			buildActionMask = 2147483647;
			files = (
				BE82B1662AF7043C008BA2E4 /* ParseSwift in Frameworks */,
				BE82B1692AF70453008BA2E4 /* Nuke in Frameworks */,
				BE82B16F2AF70453008BA2E4 /* NukeVideo in Frameworks */,
				BE82B16B2AF70453008BA2E4 /* NukeExtensions in Frameworks */,
				BE82B16D2AF70453008BA2E4 /* NukeUI in Frameworks */,
			);
			runOnlyForDeploymentPostprocessing = 0;
		};
/* End PBXFrameworksBuildPhase section */

/* Begin PBXGroup section */
		BE82B1442AF701BD008BA2E4 = {
			isa = PBXGroup;
			children = (
				BE82B14F2AF701BD008BA2E4 /* PLNR */,
				BE82B14E2AF701BD008BA2E4 /* Products */,
			);
			sourceTree = "<group>";
		};
		BE82B14E2AF701BD008BA2E4 /* Products */ = {
			isa = PBXGroup;
			children = (
				BE82B14D2AF701BD008BA2E4 /* PLNR.app */,
			);
			name = Products;
			sourceTree = "<group>";
		};
		BE82B14F2AF701BD008BA2E4 /* PLNR */ = {
			isa = PBXGroup;
			children = (
				BE82B1502AF701BD008BA2E4 /* AppDelegate.swift */,
				BE82B1522AF701BD008BA2E4 /* SceneDelegate.swift */,
				BE82B1562AF701BD008BA2E4 /* Main.storyboard */,
				BEDCD3142AFB0EA000E18707 /* Models */,
				BEDCD3162AFB0ECB00E18707 /* Login */,
				BE82B1542AF701BD008BA2E4 /* ViewController.swift */,
				BEDCD3172AFB134D00E18707 /* Day View */,
				BE82B15B2AF701BE008BA2E4 /* LaunchScreen.storyboard */,
				BE82B1592AF701BE008BA2E4 /* Assets.xcassets */,
				BE82B15E2AF701BE008BA2E4 /* Info.plist */,
			);
			path = PLNR;
			sourceTree = "<group>";
		};
		BEDCD3142AFB0EA000E18707 /* Models */ = {
			isa = PBXGroup;
			children = (
				17C81FA52AF9AED200E4AFD0 /* User.swift */,
			);
			path = Models;
			sourceTree = "<group>";
		};
		BEDCD3162AFB0ECB00E18707 /* Login */ = {
			isa = PBXGroup;
			children = (
				17C81FAB2AF9B2C600E4AFD0 /* SignUpViewController.swift */,
				17C81FAD2AF9B33900E4AFD0 /* LoginViewController.swift */,
			);
			path = Login;
			sourceTree = "<group>";
		};
		BEDCD3172AFB134D00E18707 /* Day View */ = {
			isa = PBXGroup;
			children = (
				BEDCD3182AFB136F00E18707 /* DayViewController.swift */,
			);
			path = "Day View";
			sourceTree = "<group>";
		};
/* End PBXGroup section */

/* Begin PBXNativeTarget section */
		BE82B14C2AF701BD008BA2E4 /* PLNR */ = {
			isa = PBXNativeTarget;
			buildConfigurationList = BE82B1612AF701BE008BA2E4 /* Build configuration list for PBXNativeTarget "PLNR" */;
			buildPhases = (
				BE82B1492AF701BD008BA2E4 /* Sources */,
				BE82B14A2AF701BD008BA2E4 /* Frameworks */,
				BE82B14B2AF701BD008BA2E4 /* Resources */,
			);
			buildRules = (
			);
			dependencies = (
			);
			name = PLNR;
			packageProductDependencies = (
				BE82B1652AF7043C008BA2E4 /* ParseSwift */,
				BE82B1682AF70453008BA2E4 /* Nuke */,
				BE82B16A2AF70453008BA2E4 /* NukeExtensions */,
				BE82B16C2AF70453008BA2E4 /* NukeUI */,
				BE82B16E2AF70453008BA2E4 /* NukeVideo */,
			);
			productName = PLNR;
			productReference = BE82B14D2AF701BD008BA2E4 /* PLNR.app */;
			productType = "com.apple.product-type.application";
		};
/* End PBXNativeTarget section */

/* Begin PBXProject section */
		BE82B1452AF701BD008BA2E4 /* Project object */ = {
			isa = PBXProject;
			attributes = {
				BuildIndependentTargetsInParallel = 1;
				LastSwiftUpdateCheck = 1430;
				LastUpgradeCheck = 1430;
				TargetAttributes = {
					BE82B14C2AF701BD008BA2E4 = {
						CreatedOnToolsVersion = 14.3.1;
					};
				};
			};
			buildConfigurationList = BE82B1482AF701BD008BA2E4 /* Build configuration list for PBXProject "PLNR" */;
			compatibilityVersion = "Xcode 14.0";
			developmentRegion = en;
			hasScannedForEncodings = 0;
			knownRegions = (
				en,
				Base,
			);
			mainGroup = BE82B1442AF701BD008BA2E4;
			packageReferences = (
				BE82B1642AF7043C008BA2E4 /* XCRemoteSwiftPackageReference "Parse-Swift" */,
				BE82B1672AF70453008BA2E4 /* XCRemoteSwiftPackageReference "Nuke" */,
			);
			productRefGroup = BE82B14E2AF701BD008BA2E4 /* Products */;
			projectDirPath = "";
			projectRoot = "";
			targets = (
				BE82B14C2AF701BD008BA2E4 /* PLNR */,
			);
		};
/* End PBXProject section */

/* Begin PBXResourcesBuildPhase section */
		BE82B14B2AF701BD008BA2E4 /* Resources */ = {
			isa = PBXResourcesBuildPhase;
			buildActionMask = 2147483647;
			files = (
				BE82B15D2AF701BE008BA2E4 /* LaunchScreen.storyboard in Resources */,
				BE82B15A2AF701BE008BA2E4 /* Assets.xcassets in Resources */,
				BE82B1582AF701BD008BA2E4 /* Main.storyboard in Resources */,
			);
			runOnlyForDeploymentPostprocessing = 0;
		};
/* End PBXResourcesBuildPhase section */

/* Begin PBXSourcesBuildPhase section */
		BE82B1492AF701BD008BA2E4 /* Sources */ = {
			isa = PBXSourcesBuildPhase;
			buildActionMask = 2147483647;
			files = (
				17C81FAE2AF9B33900E4AFD0 /* LoginViewController.swift in Sources */,
				17C81FAC2AF9B2C600E4AFD0 /* SignUpViewController.swift in Sources */,
				17C81FA62AF9AED200E4AFD0 /* User.swift in Sources */,
				BE82B1552AF701BD008BA2E4 /* ViewController.swift in Sources */,
				BE82B1512AF701BD008BA2E4 /* AppDelegate.swift in Sources */,
				BEDCD3192AFB136F00E18707 /* DayViewController.swift in Sources */,
				BE82B1532AF701BD008BA2E4 /* SceneDelegate.swift in Sources */,
			);
			runOnlyForDeploymentPostprocessing = 0;
		};
/* End PBXSourcesBuildPhase section */

/* Begin PBXVariantGroup section */
		BE82B1562AF701BD008BA2E4 /* Main.storyboard */ = {
			isa = PBXVariantGroup;
			children = (
				BE82B1572AF701BD008BA2E4 /* Base */,
			);
			name = Main.storyboard;
			sourceTree = "<group>";
		};
		BE82B15B2AF701BE008BA2E4 /* LaunchScreen.storyboard */ = {
			isa = PBXVariantGroup;
			children = (
				BE82B15C2AF701BE008BA2E4 /* Base */,
			);
			name = LaunchScreen.storyboard;
			sourceTree = "<group>";
		};
/* End PBXVariantGroup section */

/* Begin XCBuildConfiguration section */
		BE82B15F2AF701BE008BA2E4 /* Debug */ = {
			isa = XCBuildConfiguration;
			buildSettings = {
				ALWAYS_SEARCH_USER_PATHS = NO;
				CLANG_ANALYZER_NONNULL = YES;
				CLANG_ANALYZER_NUMBER_OBJECT_CONVERSION = YES_AGGRESSIVE;
				CLANG_CXX_LANGUAGE_STANDARD = "gnu++20";
				CLANG_ENABLE_MODULES = YES;
				CLANG_ENABLE_OBJC_ARC = YES;
				CLANG_ENABLE_OBJC_WEAK = YES;
				CLANG_WARN_BLOCK_CAPTURE_AUTORELEASING = YES;
				CLANG_WARN_BOOL_CONVERSION = YES;
				CLANG_WARN_COMMA = YES;
				CLANG_WARN_CONSTANT_CONVERSION = YES;
				CLANG_WARN_DEPRECATED_OBJC_IMPLEMENTATIONS = YES;
				CLANG_WARN_DIRECT_OBJC_ISA_USAGE = YES_ERROR;
				CLANG_WARN_DOCUMENTATION_COMMENTS = YES;
				CLANG_WARN_EMPTY_BODY = YES;
				CLANG_WARN_ENUM_CONVERSION = YES;
				CLANG_WARN_INFINITE_RECURSION = YES;
				CLANG_WARN_INT_CONVERSION = YES;
				CLANG_WARN_NON_LITERAL_NULL_CONVERSION = YES;
				CLANG_WARN_OBJC_IMPLICIT_RETAIN_SELF = YES;
				CLANG_WARN_OBJC_LITERAL_CONVERSION = YES;
				CLANG_WARN_OBJC_ROOT_CLASS = YES_ERROR;
				CLANG_WARN_QUOTED_INCLUDE_IN_FRAMEWORK_HEADER = YES;
				CLANG_WARN_RANGE_LOOP_ANALYSIS = YES;
				CLANG_WARN_STRICT_PROTOTYPES = YES;
				CLANG_WARN_SUSPICIOUS_MOVE = YES;
				CLANG_WARN_UNGUARDED_AVAILABILITY = YES_AGGRESSIVE;
				CLANG_WARN_UNREACHABLE_CODE = YES;
				CLANG_WARN__DUPLICATE_METHOD_MATCH = YES;
				COPY_PHASE_STRIP = NO;
				DEBUG_INFORMATION_FORMAT = dwarf;
				ENABLE_STRICT_OBJC_MSGSEND = YES;
				ENABLE_TESTABILITY = YES;
				GCC_C_LANGUAGE_STANDARD = gnu11;
				GCC_DYNAMIC_NO_PIC = NO;
				GCC_NO_COMMON_BLOCKS = YES;
				GCC_OPTIMIZATION_LEVEL = 0;
				GCC_PREPROCESSOR_DEFINITIONS = (
					"DEBUG=1",
					"$(inherited)",
				);
				GCC_WARN_64_TO_32_BIT_CONVERSION = YES;
				GCC_WARN_ABOUT_RETURN_TYPE = YES_ERROR;
				GCC_WARN_UNDECLARED_SELECTOR = YES;
				GCC_WARN_UNINITIALIZED_AUTOS = YES_AGGRESSIVE;
				GCC_WARN_UNUSED_FUNCTION = YES;
				GCC_WARN_UNUSED_VARIABLE = YES;
				IPHONEOS_DEPLOYMENT_TARGET = 16.4;
				MTL_ENABLE_DEBUG_INFO = INCLUDE_SOURCE;
				MTL_FAST_MATH = YES;
				ONLY_ACTIVE_ARCH = YES;
				SDKROOT = iphoneos;
				SWIFT_ACTIVE_COMPILATION_CONDITIONS = DEBUG;
				SWIFT_OPTIMIZATION_LEVEL = "-Onone";
			};
			name = Debug;
		};
		BE82B1602AF701BE008BA2E4 /* Release */ = {
			isa = XCBuildConfiguration;
			buildSettings = {
				ALWAYS_SEARCH_USER_PATHS = NO;
				CLANG_ANALYZER_NONNULL = YES;
				CLANG_ANALYZER_NUMBER_OBJECT_CONVERSION = YES_AGGRESSIVE;
				CLANG_CXX_LANGUAGE_STANDARD = "gnu++20";
				CLANG_ENABLE_MODULES = YES;
				CLANG_ENABLE_OBJC_ARC = YES;
				CLANG_ENABLE_OBJC_WEAK = YES;
				CLANG_WARN_BLOCK_CAPTURE_AUTORELEASING = YES;
				CLANG_WARN_BOOL_CONVERSION = YES;
				CLANG_WARN_COMMA = YES;
				CLANG_WARN_CONSTANT_CONVERSION = YES;
				CLANG_WARN_DEPRECATED_OBJC_IMPLEMENTATIONS = YES;
				CLANG_WARN_DIRECT_OBJC_ISA_USAGE = YES_ERROR;
				CLANG_WARN_DOCUMENTATION_COMMENTS = YES;
				CLANG_WARN_EMPTY_BODY = YES;
				CLANG_WARN_ENUM_CONVERSION = YES;
				CLANG_WARN_INFINITE_RECURSION = YES;
				CLANG_WARN_INT_CONVERSION = YES;
				CLANG_WARN_NON_LITERAL_NULL_CONVERSION = YES;
				CLANG_WARN_OBJC_IMPLICIT_RETAIN_SELF = YES;
				CLANG_WARN_OBJC_LITERAL_CONVERSION = YES;
				CLANG_WARN_OBJC_ROOT_CLASS = YES_ERROR;
				CLANG_WARN_QUOTED_INCLUDE_IN_FRAMEWORK_HEADER = YES;
				CLANG_WARN_RANGE_LOOP_ANALYSIS = YES;
				CLANG_WARN_STRICT_PROTOTYPES = YES;
				CLANG_WARN_SUSPICIOUS_MOVE = YES;
				CLANG_WARN_UNGUARDED_AVAILABILITY = YES_AGGRESSIVE;
				CLANG_WARN_UNREACHABLE_CODE = YES;
				CLANG_WARN__DUPLICATE_METHOD_MATCH = YES;
				COPY_PHASE_STRIP = NO;
				DEBUG_INFORMATION_FORMAT = "dwarf-with-dsym";
				ENABLE_NS_ASSERTIONS = NO;
				ENABLE_STRICT_OBJC_MSGSEND = YES;
				GCC_C_LANGUAGE_STANDARD = gnu11;
				GCC_NO_COMMON_BLOCKS = YES;
				GCC_WARN_64_TO_32_BIT_CONVERSION = YES;
				GCC_WARN_ABOUT_RETURN_TYPE = YES_ERROR;
				GCC_WARN_UNDECLARED_SELECTOR = YES;
				GCC_WARN_UNINITIALIZED_AUTOS = YES_AGGRESSIVE;
				GCC_WARN_UNUSED_FUNCTION = YES;
				GCC_WARN_UNUSED_VARIABLE = YES;
				IPHONEOS_DEPLOYMENT_TARGET = 16.4;
				MTL_ENABLE_DEBUG_INFO = NO;
				MTL_FAST_MATH = YES;
				SDKROOT = iphoneos;
				SWIFT_COMPILATION_MODE = wholemodule;
				SWIFT_OPTIMIZATION_LEVEL = "-O";
				VALIDATE_PRODUCT = YES;
			};
			name = Release;
		};
		BE82B1622AF701BE008BA2E4 /* Debug */ = {
			isa = XCBuildConfiguration;
			buildSettings = {
				ASSETCATALOG_COMPILER_APPICON_NAME = AppIcon;
				ASSETCATALOG_COMPILER_GLOBAL_ACCENT_COLOR_NAME = AccentColor;
				CODE_SIGN_STYLE = Automatic;
				CURRENT_PROJECT_VERSION = 1;
				GENERATE_INFOPLIST_FILE = YES;
				INFOPLIST_FILE = PLNR/Info.plist;
				INFOPLIST_KEY_UIApplicationSupportsIndirectInputEvents = YES;
				INFOPLIST_KEY_UILaunchStoryboardName = LaunchScreen;
				INFOPLIST_KEY_UIMainStoryboardFile = Main;
				INFOPLIST_KEY_UISupportedInterfaceOrientations_iPad = "UIInterfaceOrientationPortrait UIInterfaceOrientationPortraitUpsideDown UIInterfaceOrientationLandscapeLeft UIInterfaceOrientationLandscapeRight";
				INFOPLIST_KEY_UISupportedInterfaceOrientations_iPhone = "UIInterfaceOrientationPortrait UIInterfaceOrientationLandscapeLeft UIInterfaceOrientationLandscapeRight";
				LD_RUNPATH_SEARCH_PATHS = (
					"$(inherited)",
					"@executable_path/Frameworks",
				);
				MARKETING_VERSION = 1.0;
				PRODUCT_BUNDLE_IDENTIFIER = Group26.PLNR;
				PRODUCT_NAME = "$(TARGET_NAME)";
				SWIFT_EMIT_LOC_STRINGS = YES;
				SWIFT_VERSION = 5.0;
				TARGETED_DEVICE_FAMILY = "1,2";
			};
			name = Debug;
		};
		BE82B1632AF701BE008BA2E4 /* Release */ = {
			isa = XCBuildConfiguration;
			buildSettings = {
				ASSETCATALOG_COMPILER_APPICON_NAME = AppIcon;
				ASSETCATALOG_COMPILER_GLOBAL_ACCENT_COLOR_NAME = AccentColor;
				CODE_SIGN_STYLE = Automatic;
				CURRENT_PROJECT_VERSION = 1;
				GENERATE_INFOPLIST_FILE = YES;
				INFOPLIST_FILE = PLNR/Info.plist;
				INFOPLIST_KEY_UIApplicationSupportsIndirectInputEvents = YES;
				INFOPLIST_KEY_UILaunchStoryboardName = LaunchScreen;
				INFOPLIST_KEY_UIMainStoryboardFile = Main;
				INFOPLIST_KEY_UISupportedInterfaceOrientations_iPad = "UIInterfaceOrientationPortrait UIInterfaceOrientationPortraitUpsideDown UIInterfaceOrientationLandscapeLeft UIInterfaceOrientationLandscapeRight";
				INFOPLIST_KEY_UISupportedInterfaceOrientations_iPhone = "UIInterfaceOrientationPortrait UIInterfaceOrientationLandscapeLeft UIInterfaceOrientationLandscapeRight";
				LD_RUNPATH_SEARCH_PATHS = (
					"$(inherited)",
					"@executable_path/Frameworks",
				);
				MARKETING_VERSION = 1.0;
				PRODUCT_BUNDLE_IDENTIFIER = Group26.PLNR;
				PRODUCT_NAME = "$(TARGET_NAME)";
				SWIFT_EMIT_LOC_STRINGS = YES;
				SWIFT_VERSION = 5.0;
				TARGETED_DEVICE_FAMILY = "1,2";
			};
			name = Release;
		};
/* End XCBuildConfiguration section */

/* Begin XCConfigurationList section */
		BE82B1482AF701BD008BA2E4 /* Build configuration list for PBXProject "PLNR" */ = {
			isa = XCConfigurationList;
			buildConfigurations = (
				BE82B15F2AF701BE008BA2E4 /* Debug */,
				BE82B1602AF701BE008BA2E4 /* Release */,
			);
			defaultConfigurationIsVisible = 0;
			defaultConfigurationName = Release;
		};
		BE82B1612AF701BE008BA2E4 /* Build configuration list for PBXNativeTarget "PLNR" */ = {
			isa = XCConfigurationList;
			buildConfigurations = (
				BE82B1622AF701BE008BA2E4 /* Debug */,
				BE82B1632AF701BE008BA2E4 /* Release */,
			);
			defaultConfigurationIsVisible = 0;
			defaultConfigurationName = Release;
		};
/* End XCConfigurationList section */

/* Begin XCRemoteSwiftPackageReference section */
		BE82B1642AF7043C008BA2E4 /* XCRemoteSwiftPackageReference "Parse-Swift" */ = {
			isa = XCRemoteSwiftPackageReference;
			repositoryURL = "https://github.com/parse-community/Parse-Swift.git";
			requirement = {
				kind = upToNextMajorVersion;
				minimumVersion = 4.0.0;
			};
		};
		BE82B1672AF70453008BA2E4 /* XCRemoteSwiftPackageReference "Nuke" */ = {
			isa = XCRemoteSwiftPackageReference;
			repositoryURL = "https://github.com/kean/Nuke.git";
			requirement = {
				kind = upToNextMajorVersion;
				minimumVersion = 12.0.0;
			};
		};
/* End XCRemoteSwiftPackageReference section */

/* Begin XCSwiftPackageProductDependency section */
		BE82B1652AF7043C008BA2E4 /* ParseSwift */ = {
			isa = XCSwiftPackageProductDependency;
			package = BE82B1642AF7043C008BA2E4 /* XCRemoteSwiftPackageReference "Parse-Swift" */;
			productName = ParseSwift;
		};
		BE82B1682AF70453008BA2E4 /* Nuke */ = {
			isa = XCSwiftPackageProductDependency;
			package = BE82B1672AF70453008BA2E4 /* XCRemoteSwiftPackageReference "Nuke" */;
			productName = Nuke;
		};
		BE82B16A2AF70453008BA2E4 /* NukeExtensions */ = {
			isa = XCSwiftPackageProductDependency;
			package = BE82B1672AF70453008BA2E4 /* XCRemoteSwiftPackageReference "Nuke" */;
			productName = NukeExtensions;
		};
		BE82B16C2AF70453008BA2E4 /* NukeUI */ = {
			isa = XCSwiftPackageProductDependency;
			package = BE82B1672AF70453008BA2E4 /* XCRemoteSwiftPackageReference "Nuke" */;
			productName = NukeUI;
		};
		BE82B16E2AF70453008BA2E4 /* NukeVideo */ = {
			isa = XCSwiftPackageProductDependency;
			package = BE82B1672AF70453008BA2E4 /* XCRemoteSwiftPackageReference "Nuke" */;
			productName = NukeVideo;
		};
/* End XCSwiftPackageProductDependency section */
	};
	rootObject = BE82B1452AF701BD008BA2E4 /* Project object */;
}
